
Microsoft Visual Studio Solution File, Format Version 12.00
# Visual Studio 15
VisualStudioVersion = 15.0.28010.2050
MinimumVisualStudioVersion = 10.0.40219.1
Project("{FAE04EC0-301F-11D3-BF4B-00C04F79EFBC}") = "AspNetCoreAuthentication", "AspNetCoreAuthentication\AspNetCoreAuthentication.csproj", "{A286B570-0C3D-416C-9474-7E3187F9D05A}"
EndProject
Global
	GlobalSection(SolutionConfigurationPlatforms) = preSolution
		Debug|Any CPU = Debug|Any CPU
		Release|Any CPU = Release|Any CPU
	EndGlobalSection
	GlobalSection(ProjectConfigurationPlatforms) = postSolution
		{A286B570-0C3D-416C-9474-7E3187F9D05A}.Debug|Any CPU.ActiveCfg = Debug|Any CPU
		{A286B570-0C3D-416C-9474-7E3187F9D05A}.Debug|Any CPU.Build.0 = Debug|Any CPU
		{A286B570-0C3D-416C-9474-7E3187F9D05A}.Release|Any CPU.ActiveCfg = Release|Any CPU
		{A286B570-0C3D-416C-9474-7E3187F9D05A}.Release|Any CPU.Build.0 = Release|Any CPU
	EndGlobalSection
	GlobalSection(SolutionProperties) = preSolution
		HideSolutionNode = FALSE
	EndGlobalSection
	GlobalSection(ExtensibilityGlobals) = postSolution
		SolutionGuid = {D8E34AAB-A5C9-450B-963B-E5363991159D}
	EndGlobalSection
EndGlobal
